// !$*UTF8*$!
{
	archiveVersion = 1;
	classes = {
	};
	objectVersion = 56;
	objects = {

/* Begin PBXBuildFile section */
		0A2FAB4829FFD9DD000DA521 /* AppDelegate.swift in Sources */ = {isa = PBXBuildFile; fileRef = 0A2FAB4729FFD9DD000DA521 /* AppDelegate.swift */; };
		0A2FAB4A29FFD9DD000DA521 /* SceneDelegate.swift in Sources */ = {isa = PBXBuildFile; fileRef = 0A2FAB4929FFD9DD000DA521 /* SceneDelegate.swift */; };
		0A2FAB5129FFD9DE000DA521 /* Assets.xcassets in Resources */ = {isa = PBXBuildFile; fileRef = 0A2FAB5029FFD9DE000DA521 /* Assets.xcassets */; };
		0A2FAB5429FFD9DE000DA521 /* LaunchScreen.storyboard in Resources */ = {isa = PBXBuildFile; fileRef = 0A2FAB5229FFD9DE000DA521 /* LaunchScreen.storyboard */; };
		0A2FAB5E29FFDAC3000DA521 /* GradientViewController.swift in Sources */ = {isa = PBXBuildFile; fileRef = 0A2FAB5D29FFDAC3000DA521 /* GradientViewController.swift */; };
/* End PBXBuildFile section */

/* Begin PBXFileReference section */
		0A2FAB4429FFD9DD000DA521 /* Marafon_1_GradientAndShadow.app */ = {isa = PBXFileReference; explicitFileType = wrapper.application; includeInIndex = 0; path = Marafon_1_GradientAndShadow.app; sourceTree = BUILT_PRODUCTS_DIR; };
		0A2FAB4729FFD9DD000DA521 /* AppDelegate.swift */ = {isa = PBXFileReference; lastKnownFileType = sourcecode.swift; path = AppDelegate.swift; sourceTree = "<group>"; };
		0A2FAB4929FFD9DD000DA521 /* SceneDelegate.swift */ = {isa = PBXFileReference; lastKnownFileType = sourcecode.swift; path = SceneDelegate.swift; sourceTree = "<group>"; };
		0A2FAB5029FFD9DE000DA521 /* Assets.xcassets */ = {isa = PBXFileReference; lastKnownFileType = folder.assetcatalog; path = Assets.xcassets; sourceTree = "<group>"; };
		0A2FAB5329FFD9DE000DA521 /* Base */ = {isa = PBXFileReference; lastKnownFileType = file.storyboard; name = Base; path = Base.lproj/LaunchScreen.storyboard; sourceTree = "<group>"; };
		0A2FAB5529FFD9DE000DA521 /* Info.plist */ = {isa = PBXFileReference; lastKnownFileType = text.plist.xml; path = Info.plist; sourceTree = "<group>"; };
		0A2FAB5D29FFDAC3000DA521 /* GradientViewController.swift */ = {isa = PBXFileReference; lastKnownFileType = sourcecode.swift; path = GradientViewController.swift; sourceTree = "<group>"; };
/* End PBXFileReference section */

/* Begin PBXFrameworksBuildPhase section */
		0A2FAB4129FFD9DD000DA521 /* Frameworks */ = {
			isa = PBXFrameworksBuildPhase;
			buildActionMask = 2147483647;
			files = (
			);
			runOnlyForDeploymentPostprocessing = 0;
		};
/* End PBXFrameworksBuildPhase section */

/* Begin PBXGroup section */
		0A2FAB3B29FFD9DD000DA521 = {
			isa = PBXGroup;
			children = (
				0A2FAB4629FFD9DD000DA521 /* Marafon_1_GradientAndShadow */,
				0A2FAB4529FFD9DD000DA521 /* Products */,
			);
			sourceTree = "<group>";
		};
		0A2FAB4529FFD9DD000DA521 /* Products */ = {
			isa = PBXGroup;
			children = (
				0A2FAB4429FFD9DD000DA521 /* Marafon_1_GradientAndShadow.app */,
			);
			name = Products;
			sourceTree = "<group>";
		};
		0A2FAB4629FFD9DD000DA521 /* Marafon_1_GradientAndShadow */ = {
			isa = PBXGroup;
			children = (
				0A2FAB5C29FFDA28000DA521 /* Views */,
				0A2FAB5B29FFDA1D000DA521 /* App */,
				0A2FAB5029FFD9DE000DA521 /* Assets.xcassets */,
				0A2FAB5229FFD9DE000DA521 /* LaunchScreen.storyboard */,
				0A2FAB5529FFD9DE000DA521 /* Info.plist */,
			);
			path = Marafon_1_GradientAndShadow;
			sourceTree = "<group>";
		};
		0A2FAB5B29FFDA1D000DA521 /* App */ = {
			isa = PBXGroup;
			children = (
				0A2FAB4929FFD9DD000DA521 /* SceneDelegate.swift */,
				0A2FAB4729FFD9DD000DA521 /* AppDelegate.swift */,
			);
			path = App;
			sourceTree = "<group>";
		};
		0A2FAB5C29FFDA28000DA521 /* Views */ = {
			isa = PBXGroup;
			children = (
				0A2FAB5F29FFDC17000DA521 /* HelpViews */,
				0A2FAB5D29FFDAC3000DA521 /* GradientViewController.swift */,
			);
			path = Views;
			sourceTree = "<group>";
		};
		0A2FAB5F29FFDC17000DA521 /* HelpViews */ = {
			isa = PBXGroup;
			children = (
			);
			path = HelpViews;
			sourceTree = "<group>";
		};
/* End PBXGroup section */

/* Begin PBXNativeTarget section */
		0A2FAB4329FFD9DD000DA521 /* Marafon_1_GradientAndShadow */ = {
			isa = PBXNativeTarget;
			buildConfigurationList = 0A2FAB5829FFD9DE000DA521 /* Build configuration list for PBXNativeTarget "Marafon_1_GradientAndShadow" */;
			buildPhases = (
				0A2FAB4029FFD9DD000DA521 /* Sources */,
				0A2FAB4129FFD9DD000DA521 /* Frameworks */,
				0A2FAB4229FFD9DD000DA521 /* Resources */,
			);
			buildRules = (
			);
			dependencies = (
			);
			name = Marafon_1_GradientAndShadow;
			productName = Marafon_1_GradientAndShadow;
			productReference = 0A2FAB4429FFD9DD000DA521 /* Marafon_1_GradientAndShadow.app */;
			productType = "com.apple.product-type.application";
		};
/* End PBXNativeTarget section */

/* Begin PBXProject section */
		0A2FAB3C29FFD9DD000DA521 /* Project object */ = {
			isa = PBXProject;
			attributes = {
				BuildIndependentTargetsInParallel = 1;
				LastSwiftUpdateCheck = 1420;
				LastUpgradeCheck = 1420;
				TargetAttributes = {
					0A2FAB4329FFD9DD000DA521 = {
						CreatedOnToolsVersion = 14.2;
					};
				};
			};
			buildConfigurationList = 0A2FAB3F29FFD9DD000DA521 /* Build configuration list for PBXProject "Marafon_1_GradientAndShadow" */;
			compatibilityVersion = "Xcode 14.0";
			developmentRegion = en;
			hasScannedForEncodings = 0;
			knownRegions = (
				en,
				Base,
			);
			mainGroup = 0A2FAB3B29FFD9DD000DA521;
			productRefGroup = 0A2FAB4529FFD9DD000DA521 /* Products */;
			projectDirPath = "";
			projectRoot = "";
			targets = (
				0A2FAB4329FFD9DD000DA521 /* Marafon_1_GradientAndShadow */,
			);
		};
/* End PBXProject section */

/* Begin PBXResourcesBuildPhase section */
		0A2FAB4229FFD9DD000DA521 /* Resources */ = {
			isa = PBXResourcesBuildPhase;
			buildActionMask = 2147483647;
			files = (
				0A2FAB5429FFD9DE000DA521 /* LaunchScreen.storyboard in Resources */,
				0A2FAB5129FFD9DE000DA521 /* Assets.xcassets in Resources */,
			);
			runOnlyForDeploymentPostprocessing = 0;
		};
/* End PBXResourcesBuildPhase section */

/* Begin PBXSourcesBuildPhase section */
		0A2FAB4029FFD9DD000DA521 /* Sources */ = {
			isa = PBXSourcesBuildPhase;
			buildActionMask = 2147483647;
			files = (
				0A2FAB4829FFD9DD000DA521 /* AppDelegate.swift in Sources */,
				0A2FAB4A29FFD9DD000DA521 /* SceneDelegate.swift in Sources */,
				0A2FAB5E29FFDAC3000DA521 /* GradientViewController.swift in Sources */,
			);
			runOnlyForDeploymentPostprocessing = 0;
		};
/* End PBXSourcesBuildPhase section */

/* Begin PBXVariantGroup section */
		0A2FAB5229FFD9DE000DA521 /* LaunchScreen.storyboard */ = {
			isa = PBXVariantGroup;
			children = (
				0A2FAB5329FFD9DE000DA521 /* Base */,
			);
			name = LaunchScreen.storyboard;
			sourceTree = "<group>";
		};
/* End PBXVariantGroup section */

/* Begin XCBuildConfiguration section */
		0A2FAB5629FFD9DE000DA521 /* Debug */ = {
			isa = XCBuildConfiguration;
			buildSettings = {
				ALWAYS_SEARCH_USER_PATHS = NO;
				CLANG_ANALYZER_NONNULL = YES;
				CLANG_ANALYZER_NUMBER_OBJECT_CONVERSION = YES_AGGRESSIVE;
				CLANG_CXX_LANGUAGE_STANDARD = "gnu++20";
				CLANG_ENABLE_MODULES = YES;
				CLANG_ENABLE_OBJC_ARC = YES;
				CLANG_ENABLE_OBJC_WEAK = YES;
				CLANG_WARN_BLOCK_CAPTURE_AUTORELEASING = YES;
				CLANG_WARN_BOOL_CONVERSION = YES;
				CLANG_WARN_COMMA = YES;
				CLANG_WARN_CONSTANT_CONVERSION = YES;
				CLANG_WARN_DEPRECATED_OBJC_IMPLEMENTATIONS = YES;
				CLANG_WARN_DIRECT_OBJC_ISA_USAGE = YES_ERROR;
				CLANG_WARN_DOCUMENTATION_COMMENTS = YES;
				CLANG_WARN_EMPTY_BODY = YES;
				CLANG_WARN_ENUM_CONVERSION = YES;
				CLANG_WARN_INFINITE_RECURSION = YES;
				CLANG_WARN_INT_CONVERSION = YES;
				CLANG_WARN_NON_LITERAL_NULL_CONVERSION = YES;
				CLANG_WARN_OBJC_IMPLICIT_RETAIN_SELF = YES;
				CLANG_WARN_OBJC_LITERAL_CONVERSION = YES;
				CLANG_WARN_OBJC_ROOT_CLASS = YES_ERROR;
				CLANG_WARN_QUOTED_INCLUDE_IN_FRAMEWORK_HEADER = YES;
				CLANG_WARN_RANGE_LOOP_ANALYSIS = YES;
				CLANG_WARN_STRICT_PROTOTYPES = YES;
				CLANG_WARN_SUSPICIOUS_MOVE = YES;
				CLANG_WARN_UNGUARDED_AVAILABILITY = YES_AGGRESSIVE;
				CLANG_WARN_UNREACHABLE_CODE = YES;
				CLANG_WARN__DUPLICATE_METHOD_MATCH = YES;
				COPY_PHASE_STRIP = NO;
				DEBUG_INFORMATION_FORMAT = dwarf;
				ENABLE_STRICT_OBJC_MSGSEND = YES;
				ENABLE_TESTABILITY = YES;
				GCC_C_LANGUAGE_STANDARD = gnu11;
				GCC_DYNAMIC_NO_PIC = NO;
				GCC_NO_COMMON_BLOCKS = YES;
				GCC_OPTIMIZATION_LEVEL = 0;
				GCC_PREPROCESSOR_DEFINITIONS = (
					"DEBUG=1",
					"$(inherited)",
				);
				GCC_WARN_64_TO_32_BIT_CONVERSION = YES;
				GCC_WARN_ABOUT_RETURN_TYPE = YES_ERROR;
				GCC_WARN_UNDECLARED_SELECTOR = YES;
				GCC_WARN_UNINITIALIZED_AUTOS = YES_AGGRESSIVE;
				GCC_WARN_UNUSED_FUNCTION = YES;
				GCC_WARN_UNUSED_VARIABLE = YES;
				IPHONEOS_DEPLOYMENT_TARGET = 16.2;
				MTL_ENABLE_DEBUG_INFO = INCLUDE_SOURCE;
				MTL_FAST_MATH = YES;
				ONLY_ACTIVE_ARCH = YES;
				SDKROOT = iphoneos;
				SWIFT_ACTIVE_COMPILATION_CONDITIONS = DEBUG;
				SWIFT_OPTIMIZATION_LEVEL = "-Onone";
			};
			name = Debug;
		};
		0A2FAB5729FFD9DE000DA521 /* Release */ = {
			isa = XCBuildConfiguration;
			buildSettings = {
				ALWAYS_SEARCH_USER_PATHS = NO;
				CLANG_ANALYZER_NONNULL = YES;
				CLANG_ANALYZER_NUMBER_OBJECT_CONVERSION = YES_AGGRESSIVE;
				CLANG_CXX_LANGUAGE_STANDARD = "gnu++20";
				CLANG_ENABLE_MODULES = YES;
				CLANG_ENABLE_OBJC_ARC = YES;
				CLANG_ENABLE_OBJC_WEAK = YES;
				CLANG_WARN_BLOCK_CAPTURE_AUTORELEASING = YES;
				CLANG_WARN_BOOL_CONVERSION = YES;
				CLANG_WARN_COMMA = YES;
				CLANG_WARN_CONSTANT_CONVERSION = YES;
				CLANG_WARN_DEPRECATED_OBJC_IMPLEMENTATIONS = YES;
				CLANG_WARN_DIRECT_OBJC_ISA_USAGE = YES_ERROR;
				CLANG_WARN_DOCUMENTATION_COMMENTS = YES;
				CLANG_WARN_EMPTY_BODY = YES;
				CLANG_WARN_ENUM_CONVERSION = YES;
				CLANG_WARN_INFINITE_RECURSION = YES;
				CLANG_WARN_INT_CONVERSION = YES;
				CLANG_WARN_NON_LITERAL_NULL_CONVERSION = YES;
				CLANG_WARN_OBJC_IMPLICIT_RETAIN_SELF = YES;
				CLANG_WARN_OBJC_LITERAL_CONVERSION = YES;
				CLANG_WARN_OBJC_ROOT_CLASS = YES_ERROR;
				CLANG_WARN_QUOTED_INCLUDE_IN_FRAMEWORK_HEADER = YES;
				CLANG_WARN_RANGE_LOOP_ANALYSIS = YES;
				CLANG_WARN_STRICT_PROTOTYPES = YES;
				CLANG_WARN_SUSPICIOUS_MOVE = YES;
				CLANG_WARN_UNGUARDED_AVAILABILITY = YES_AGGRESSIVE;
				CLANG_WARN_UNREACHABLE_CODE = YES;
				CLANG_WARN__DUPLICATE_METHOD_MATCH = YES;
				COPY_PHASE_STRIP = NO;
				DEBUG_INFORMATION_FORMAT = "dwarf-with-dsym";
				ENABLE_NS_ASSERTIONS = NO;
				ENABLE_STRICT_OBJC_MSGSEND = YES;
				GCC_C_LANGUAGE_STANDARD = gnu11;
				GCC_NO_COMMON_BLOCKS = YES;
				GCC_WARN_64_TO_32_BIT_CONVERSION = YES;
				GCC_WARN_ABOUT_RETURN_TYPE = YES_ERROR;
				GCC_WARN_UNDECLARED_SELECTOR = YES;
				GCC_WARN_UNINITIALIZED_AUTOS = YES_AGGRESSIVE;
				GCC_WARN_UNUSED_FUNCTION = YES;
				GCC_WARN_UNUSED_VARIABLE = YES;
				IPHONEOS_DEPLOYMENT_TARGET = 16.2;
				MTL_ENABLE_DEBUG_INFO = NO;
				MTL_FAST_MATH = YES;
				SDKROOT = iphoneos;
				SWIFT_COMPILATION_MODE = wholemodule;
				SWIFT_OPTIMIZATION_LEVEL = "-O";
				VALIDATE_PRODUCT = YES;
			};
			name = Release;
		};
		0A2FAB5929FFD9DE000DA521 /* Debug */ = {
			isa = XCBuildConfiguration;
			buildSettings = {
				ASSETCATALOG_COMPILER_APPICON_NAME = AppIcon;
				ASSETCATALOG_COMPILER_GLOBAL_ACCENT_COLOR_NAME = AccentColor;
				CODE_SIGN_STYLE = Automatic;
				CURRENT_PROJECT_VERSION = 1;
				DEVELOPMENT_TEAM = 9WABMYNUAJ;
				GENERATE_INFOPLIST_FILE = YES;
				INFOPLIST_FILE = Marafon_1_GradientAndShadow/Info.plist;
				INFOPLIST_KEY_UIApplicationSupportsIndirectInputEvents = YES;
				INFOPLIST_KEY_UILaunchStoryboardName = LaunchScreen;
				INFOPLIST_KEY_UISupportedInterfaceOrientations_iPad = "UIInterfaceOrientationPortrait UIInterfaceOrientationPortraitUpsideDown UIInterfaceOrientationLandscapeLeft UIInterfaceOrientationLandscapeRight";
				INFOPLIST_KEY_UISupportedInterfaceOrientations_iPhone = "UIInterfaceOrientationPortrait UIInterfaceOrientationLandscapeLeft UIInterfaceOrientationLandscapeRight";
				IPHONEOS_DEPLOYMENT_TARGET = 15.0;
				LD_RUNPATH_SEARCH_PATHS = (
					"$(inherited)",
					"@executable_path/Frameworks",
				);
				MARKETING_VERSION = 1.0;
				PRODUCT_BUNDLE_IDENTIFIER = "Lovely-home.Marafon-1-GradientAndShadow";
				PRODUCT_NAME = "$(TARGET_NAME)";
				SWIFT_EMIT_LOC_STRINGS = YES;
				SWIFT_VERSION = 5.0;
				TARGETED_DEVICE_FAMILY = "1,2";
			};
			name = Debug;
		};
		0A2FAB5A29FFD9DE000DA521 /* Release */ = {
			isa = XCBuildConfiguration;
			buildSettings = {
				ASSETCATALOG_COMPILER_APPICON_NAME = AppIcon;
				ASSETCATALOG_COMPILER_GLOBAL_ACCENT_COLOR_NAME = AccentColor;
				CODE_SIGN_STYLE = Automatic;
				CURRENT_PROJECT_VERSION = 1;
				DEVELOPMENT_TEAM = 9WABMYNUAJ;
				GENERATE_INFOPLIST_FILE = YES;
				INFOPLIST_FILE = Marafon_1_GradientAndShadow/Info.plist;
				INFOPLIST_KEY_UIApplicationSupportsIndirectInputEvents = YES;
				INFOPLIST_KEY_UILaunchStoryboardName = LaunchScreen;
				INFOPLIST_KEY_UISupportedInterfaceOrientations_iPad = "UIInterfaceOrientationPortrait UIInterfaceOrientationPortraitUpsideDown UIInterfaceOrientationLandscapeLeft UIInterfaceOrientationLandscapeRight";
				INFOPLIST_KEY_UISupportedInterfaceOrientations_iPhone = "UIInterfaceOrientationPortrait UIInterfaceOrientationLandscapeLeft UIInterfaceOrientationLandscapeRight";
				IPHONEOS_DEPLOYMENT_TARGET = 15.0;
				LD_RUNPATH_SEARCH_PATHS = (
					"$(inherited)",
					"@executable_path/Frameworks",
				);
				MARKETING_VERSION = 1.0;
				PRODUCT_BUNDLE_IDENTIFIER = "Lovely-home.Marafon-1-GradientAndShadow";
				PRODUCT_NAME = "$(TARGET_NAME)";
				SWIFT_EMIT_LOC_STRINGS = YES;
				SWIFT_VERSION = 5.0;
				TARGETED_DEVICE_FAMILY = "1,2";
			};
			name = Release;
		};
/* End XCBuildConfiguration section */

/* Begin XCConfigurationList section */
		0A2FAB3F29FFD9DD000DA521 /* Build configuration list for PBXProject "Marafon_1_GradientAndShadow" */ = {
			isa = XCConfigurationList;
			buildConfigurations = (
				0A2FAB5629FFD9DE000DA521 /* Debug */,
				0A2FAB5729FFD9DE000DA521 /* Release */,
			);
			defaultConfigurationIsVisible = 0;
			defaultConfigurationName = Release;
		};
		0A2FAB5829FFD9DE000DA521 /* Build configuration list for PBXNativeTarget "Marafon_1_GradientAndShadow" */ = {
			isa = XCConfigurationList;
			buildConfigurations = (
				0A2FAB5929FFD9DE000DA521 /* Debug */,
				0A2FAB5A29FFD9DE000DA521 /* Release */,
			);
			defaultConfigurationIsVisible = 0;
			defaultConfigurationName = Release;
		};
/* End XCConfigurationList section */
	};
	rootObject = 0A2FAB3C29FFD9DD000DA521 /* Project object */;
}
